
Microsoft Visual Studio Solution File, Format Version 12.00
# Visual Studio Version 16
VisualStudioVersion = 16.0.30011.22
MinimumVisualStudioVersion = 10.0.40219.1
Project("{FAE04EC0-301F-11D3-BF4B-00C04F79EFBC}") = "Backend", "Backend\Backend.csproj", "{5BB42BF3-D686-43EC-9140-73C02ADDE550}"
EndProject
Project("{FAE04EC0-301F-11D3-BF4B-00C04F79EFBC}") = "APITreinamento", "APITreinamento\APITreinamento.csproj", "{BC958DE5-A09C-4699-828A-7426B84AD9D8}"
EndProject
Global
	GlobalSection(SolutionConfigurationPlatforms) = preSolution
		Debug|Any CPU = Debug|Any CPU
		Release|Any CPU = Release|Any CPU
	EndGlobalSection
	GlobalSection(ProjectConfigurationPlatforms) = postSolution
		{5BB42BF3-D686-43EC-9140-73C02ADDE550}.Debug|Any CPU.ActiveCfg = Debug|Any CPU
		{5BB42BF3-D686-43EC-9140-73C02ADDE550}.Debug|Any CPU.Build.0 = Debug|Any CPU
		{5BB42BF3-D686-43EC-9140-73C02ADDE550}.Release|Any CPU.ActiveCfg = Release|Any CPU
		{5BB42BF3-D686-43EC-9140-73C02ADDE550}.Release|Any CPU.Build.0 = Release|Any CPU
		{BC958DE5-A09C-4699-828A-7426B84AD9D8}.Debug|Any CPU.ActiveCfg = Debug|Any CPU
		{BC958DE5-A09C-4699-828A-7426B84AD9D8}.Debug|Any CPU.Build.0 = Debug|Any CPU
		{BC958DE5-A09C-4699-828A-7426B84AD9D8}.Release|Any CPU.ActiveCfg = Release|Any CPU
		{BC958DE5-A09C-4699-828A-7426B84AD9D8}.Release|Any CPU.Build.0 = Release|Any CPU
	EndGlobalSection
	GlobalSection(SolutionProperties) = preSolution
		HideSolutionNode = FALSE
	EndGlobalSection
	GlobalSection(ExtensibilityGlobals) = postSolution
		SolutionGuid = {40796744-4925-4E24-9D57-48397275F5E2}
	EndGlobalSection
EndGlobal
